
Microsoft Visual Studio Solution File, Format Version 12.00
# Visual Studio 15
VisualStudioVersion = 15.0.26430.14
MinimumVisualStudioVersion = 10.0.40219.1
Project("{FAE04EC0-301F-11D3-BF4B-00C04F79EFBC}") = "MyFirstWpfApplication", "MyFirstWpfApplication\MyFirstWpfApplication.csproj", "{3AC4C79D-F683-4BB4-B4E0-6C43064BE084}"
EndProject
Project("{FAE04EC0-301F-11D3-BF4B-00C04F79EFBC}") = "WpfUseBlinding", "WpfUseBlinding\WpfUseBlinding.csproj", "{5A059877-CF70-47D0-B685-9E3D384590A1}"
EndProject
Project("{FAE04EC0-301F-11D3-BF4B-00C04F79EFBC}") = "WpfTest1", "WpfTest1\WpfTest1.csproj", "{52666351-36A7-4B62-9602-6F1289B9DCE3}"
EndProject
Project("{FAE04EC0-301F-11D3-BF4B-00C04F79EFBC}") = "BindingObjectDataProviderTest", "BindingObjectDataProviderTest\BindingObjectDataProviderTest.csproj", "{6E7F945A-103A-420B-BDF0-378615C5512D}"
EndProject
Project("{FAE04EC0-301F-11D3-BF4B-00C04F79EFBC}") = "BindingRelativeSourceTest", "BindingRelativeSourceTest\BindingRelativeSourceTest.csproj", "{E7468D22-A0FD-4A0D-B15C-E8F1EED20DF2}"
EndProject
Project("{FAE04EC0-301F-11D3-BF4B-00C04F79EFBC}") = "MultibindingTest", "MultibindingTest\MultibindingTest.csproj", "{0639ABC8-E896-42B9-A679-81718C62FFFE}"
EndProject
Project("{FAE04EC0-301F-11D3-BF4B-00C04F79EFBC}") = "RouteEnventTest", "RouteEnventTest\RouteEnventTest.csproj", "{C9BACEC3-6658-4D13-9BCF-126FCAB08108}"
EndProject
Project("{FAE04EC0-301F-11D3-BF4B-00C04F79EFBC}") = "RouteToReportTimeTest", "RouteToReportTimeTest\RouteToReportTimeTest.csproj", "{DA09A35F-99EB-4B7F-9A05-CF812050353B}"
EndProject
Project("{FAE04EC0-301F-11D3-BF4B-00C04F79EFBC}") = "CommandTest1", "CommandTest1\CommandTest1.csproj", "{540D6D1B-32BB-413B-9055-4FCBB7A2DCA3}"
EndProject
Project("{FAE04EC0-301F-11D3-BF4B-00C04F79EFBC}") = "CommandTest2", "CommandTest2\CommandTest2.csproj", "{ECEAE94E-5390-44E2-91AB-189113877EB7}"
EndProject
Project("{FAE04EC0-301F-11D3-BF4B-00C04F79EFBC}") = "ModelTest1", "ModelTest1\ModelTest1.csproj", "{F6DE630A-6C79-4D5B-883B-35FD2A3DDBC9}"
EndProject
Project("{FAE04EC0-301F-11D3-BF4B-00C04F79EFBC}") = "DataTemplateTest1", "DataTemplateTest1\DataTemplateTest1.csproj", "{473CD0B6-DAB4-44FB-88DE-1A3CB66CD772}"
EndProject
Project("{FAE04EC0-301F-11D3-BF4B-00C04F79EFBC}") = "DataTemplateTest2", "DataTemplateTest2\DataTemplateTest2.csproj", "{81A7E3F5-088B-46E5-A474-258DF9FA8D99}"
EndProject
Project("{FAE04EC0-301F-11D3-BF4B-00C04F79EFBC}") = "EnventTiggerTest", "EnventTiggerTest\EnventTiggerTest.csproj", "{076E1265-7153-42A0-AF47-1A55E638B6D3}"
EndProject
Project("{FAE04EC0-301F-11D3-BF4B-00C04F79EFBC}") = "RectangleTset", "RectangleTset\RectangleTset.csproj", "{3DF01143-0333-483A-AF89-E9281CACA170}"
EndProject
Project("{FAE04EC0-301F-11D3-BF4B-00C04F79EFBC}") = "GridTest1", "GridTest1\GridTest1.csproj", "{F655BA36-632E-4CF9-A462-A281901523A7}"
EndProject
Project("{FAE04EC0-301F-11D3-BF4B-00C04F79EFBC}") = "RouteExentsTest2", "RouteExentsTest2\RouteExentsTest2.csproj", "{EC08E782-2982-4D6B-8DE8-F99C5885BD2E}"
EndProject
Project("{FAE04EC0-301F-11D3-BF4B-00C04F79EFBC}") = "DragDropTest1", "DragDropTest1\DragDropTest1.csproj", "{7EF11EED-8679-4E27-9CAE-B83F47D4E8F5}"
EndProject
Project("{FAE04EC0-301F-11D3-BF4B-00C04F79EFBC}") = "DictionaryTest", "DictionaryTest\DictionaryTest.csproj", "{2D43BB98-350D-4260-8134-B292DE01E9E8}"
EndProject
Project("{FAE04EC0-301F-11D3-BF4B-00C04F79EFBC}") = "WindowsMinTest", "WindowsMinTest\WindowsMinTest.csproj", "{AD17B2F7-28C6-420E-8AF1-849AC4F2D1C9}"
EndProject
Project("{FAE04EC0-301F-11D3-BF4B-00C04F79EFBC}") = "FenpingTest", "FenpingTest\FenpingTest.csproj", "{A039AC61-DED6-4668-8CDF-96111A00D1F7}"
EndProject
Project("{FAE04EC0-301F-11D3-BF4B-00C04F79EFBC}") = "WpfApp1", "WpfApp1\WpfApp1.csproj", "{97521856-5948-452F-90FF-D9A6B2D243C6}"
EndProject
Project("{FAE04EC0-301F-11D3-BF4B-00C04F79EFBC}") = "文本提取", "文本提取\文本提取.csproj", "{6B54FE55-7D10-4AAC-AADA-01B1CFD6AD66}"
EndProject
Global
	GlobalSection(SolutionConfigurationPlatforms) = preSolution
		Debug|Any CPU = Debug|Any CPU
		Debug|x64 = Debug|x64
		Debug|x86 = Debug|x86
		Release|Any CPU = Release|Any CPU
		Release|x64 = Release|x64
		Release|x86 = Release|x86
	EndGlobalSection
	GlobalSection(ProjectConfigurationPlatforms) = postSolution
		{3AC4C79D-F683-4BB4-B4E0-6C43064BE084}.Debug|Any CPU.ActiveCfg = Debug|Any CPU
		{3AC4C79D-F683-4BB4-B4E0-6C43064BE084}.Debug|Any CPU.Build.0 = Debug|Any CPU
		{3AC4C79D-F683-4BB4-B4E0-6C43064BE084}.Debug|x64.ActiveCfg = Debug|Any CPU
		{3AC4C79D-F683-4BB4-B4E0-6C43064BE084}.Debug|x64.Build.0 = Debug|Any CPU
		{3AC4C79D-F683-4BB4-B4E0-6C43064BE084}.Debug|x86.ActiveCfg = Debug|Any CPU
		{3AC4C79D-F683-4BB4-B4E0-6C43064BE084}.Debug|x86.Build.0 = Debug|Any CPU
		{3AC4C79D-F683-4BB4-B4E0-6C43064BE084}.Release|Any CPU.ActiveCfg = Release|Any CPU
		{3AC4C79D-F683-4BB4-B4E0-6C43064BE084}.Release|Any CPU.Build.0 = Release|Any CPU
		{3AC4C79D-F683-4BB4-B4E0-6C43064BE084}.Release|x64.ActiveCfg = Release|Any CPU
		{3AC4C79D-F683-4BB4-B4E0-6C43064BE084}.Release|x64.Build.0 = Release|Any CPU
		{3AC4C79D-F683-4BB4-B4E0-6C43064BE084}.Release|x86.ActiveCfg = Release|Any CPU
		{3AC4C79D-F683-4BB4-B4E0-6C43064BE084}.Release|x86.Build.0 = Release|Any CPU
		{5A059877-CF70-47D0-B685-9E3D384590A1}.Debug|Any CPU.ActiveCfg = Debug|Any CPU
		{5A059877-CF70-47D0-B685-9E3D384590A1}.Debug|Any CPU.Build.0 = Debug|Any CPU
		{5A059877-CF70-47D0-B685-9E3D384590A1}.Debug|x64.ActiveCfg = Debug|Any CPU
		{5A059877-CF70-47D0-B685-9E3D384590A1}.Debug|x64.Build.0 = Debug|Any CPU
		{5A059877-CF70-47D0-B685-9E3D384590A1}.Debug|x86.ActiveCfg = Debug|Any CPU
		{5A059877-CF70-47D0-B685-9E3D384590A1}.Debug|x86.Build.0 = Debug|Any CPU
		{5A059877-CF70-47D0-B685-9E3D384590A1}.Release|Any CPU.ActiveCfg = Release|Any CPU
		{5A059877-CF70-47D0-B685-9E3D384590A1}.Release|Any CPU.Build.0 = Release|Any CPU
		{5A059877-CF70-47D0-B685-9E3D384590A1}.Release|x64.ActiveCfg = Release|Any CPU
		{5A059877-CF70-47D0-B685-9E3D384590A1}.Release|x64.Build.0 = Release|Any CPU
		{5A059877-CF70-47D0-B685-9E3D384590A1}.Release|x86.ActiveCfg = Release|Any CPU
		{5A059877-CF70-47D0-B685-9E3D384590A1}.Release|x86.Build.0 = Release|Any CPU
		{52666351-36A7-4B62-9602-6F1289B9DCE3}.Debug|Any CPU.ActiveCfg = Debug|Any CPU
		{52666351-36A7-4B62-9602-6F1289B9DCE3}.Debug|Any CPU.Build.0 = Debug|Any CPU
		{52666351-36A7-4B62-9602-6F1289B9DCE3}.Debug|x64.ActiveCfg = Debug|Any CPU
		{52666351-36A7-4B62-9602-6F1289B9DCE3}.Debug|x64.Build.0 = Debug|Any CPU
		{52666351-36A7-4B62-9602-6F1289B9DCE3}.Debug|x86.ActiveCfg = Debug|Any CPU
		{52666351-36A7-4B62-9602-6F1289B9DCE3}.Debug|x86.Build.0 = Debug|Any CPU
		{52666351-36A7-4B62-9602-6F1289B9DCE3}.Release|Any CPU.ActiveCfg = Release|Any CPU
		{52666351-36A7-4B62-9602-6F1289B9DCE3}.Release|Any CPU.Build.0 = Release|Any CPU
		{52666351-36A7-4B62-9602-6F1289B9DCE3}.Release|x64.ActiveCfg = Release|Any CPU
		{52666351-36A7-4B62-9602-6F1289B9DCE3}.Release|x64.Build.0 = Release|Any CPU
		{52666351-36A7-4B62-9602-6F1289B9DCE3}.Release|x86.ActiveCfg = Release|Any CPU
		{52666351-36A7-4B62-9602-6F1289B9DCE3}.Release|x86.Build.0 = Release|Any CPU
		{6E7F945A-103A-420B-BDF0-378615C5512D}.Debug|Any CPU.ActiveCfg = Debug|Any CPU
		{6E7F945A-103A-420B-BDF0-378615C5512D}.Debug|Any CPU.Build.0 = Debug|Any CPU
		{6E7F945A-103A-420B-BDF0-378615C5512D}.Debug|x64.ActiveCfg = Debug|Any CPU
		{6E7F945A-103A-420B-BDF0-378615C5512D}.Debug|x64.Build.0 = Debug|Any CPU
		{6E7F945A-103A-420B-BDF0-378615C5512D}.Debug|x86.ActiveCfg = Debug|Any CPU
		{6E7F945A-103A-420B-BDF0-378615C5512D}.Debug|x86.Build.0 = Debug|Any CPU
		{6E7F945A-103A-420B-BDF0-378615C5512D}.Release|Any CPU.ActiveCfg = Release|Any CPU
		{6E7F945A-103A-420B-BDF0-378615C5512D}.Release|Any CPU.Build.0 = Release|Any CPU
		{6E7F945A-103A-420B-BDF0-378615C5512D}.Release|x64.ActiveCfg = Release|Any CPU
		{6E7F945A-103A-420B-BDF0-378615C5512D}.Release|x64.Build.0 = Release|Any CPU
		{6E7F945A-103A-420B-BDF0-378615C5512D}.Release|x86.ActiveCfg = Release|Any CPU
		{6E7F945A-103A-420B-BDF0-378615C5512D}.Release|x86.Build.0 = Release|Any CPU
		{E7468D22-A0FD-4A0D-B15C-E8F1EED20DF2}.Debug|Any CPU.ActiveCfg = Debug|Any CPU
		{E7468D22-A0FD-4A0D-B15C-E8F1EED20DF2}.Debug|Any CPU.Build.0 = Debug|Any CPU
		{E7468D22-A0FD-4A0D-B15C-E8F1EED20DF2}.Debug|x64.ActiveCfg = Debug|Any CPU
		{E7468D22-A0FD-4A0D-B15C-E8F1EED20DF2}.Debug|x64.Build.0 = Debug|Any CPU
		{E7468D22-A0FD-4A0D-B15C-E8F1EED20DF2}.Debug|x86.ActiveCfg = Debug|Any CPU
		{E7468D22-A0FD-4A0D-B15C-E8F1EED20DF2}.Debug|x86.Build.0 = Debug|Any CPU
		{E7468D22-A0FD-4A0D-B15C-E8F1EED20DF2}.Release|Any CPU.ActiveCfg = Release|Any CPU
		{E7468D22-A0FD-4A0D-B15C-E8F1EED20DF2}.Release|Any CPU.Build.0 = Release|Any CPU
		{E7468D22-A0FD-4A0D-B15C-E8F1EED20DF2}.Release|x64.ActiveCfg = Release|Any CPU
		{E7468D22-A0FD-4A0D-B15C-E8F1EED20DF2}.Release|x64.Build.0 = Release|Any CPU
		{E7468D22-A0FD-4A0D-B15C-E8F1EED20DF2}.Release|x86.ActiveCfg = Release|Any CPU
		{E7468D22-A0FD-4A0D-B15C-E8F1EED20DF2}.Release|x86.Build.0 = Release|Any CPU
		{0639ABC8-E896-42B9-A679-81718C62FFFE}.Debug|Any CPU.ActiveCfg = Debug|Any CPU
		{0639ABC8-E896-42B9-A679-81718C62FFFE}.Debug|Any CPU.Build.0 = Debug|Any CPU
		{0639ABC8-E896-42B9-A679-81718C62FFFE}.Debug|x64.ActiveCfg = Debug|Any CPU
		{0639ABC8-E896-42B9-A679-81718C62FFFE}.Debug|x64.Build.0 = Debug|Any CPU
		{0639ABC8-E896-42B9-A679-81718C62FFFE}.Debug|x86.ActiveCfg = Debug|Any CPU
		{0639ABC8-E896-42B9-A679-81718C62FFFE}.Debug|x86.Build.0 = Debug|Any CPU
		{0639ABC8-E896-42B9-A679-81718C62FFFE}.Release|Any CPU.ActiveCfg = Release|Any CPU
		{0639ABC8-E896-42B9-A679-81718C62FFFE}.Release|Any CPU.Build.0 = Release|Any CPU
		{0639ABC8-E896-42B9-A679-81718C62FFFE}.Release|x64.ActiveCfg = Release|Any CPU
		{0639ABC8-E896-42B9-A679-81718C62FFFE}.Release|x64.Build.0 = Release|Any CPU
		{0639ABC8-E896-42B9-A679-81718C62FFFE}.Release|x86.ActiveCfg = Release|Any CPU
		{0639ABC8-E896-42B9-A679-81718C62FFFE}.Release|x86.Build.0 = Release|Any CPU
		{C9BACEC3-6658-4D13-9BCF-126FCAB08108}.Debug|Any CPU.ActiveCfg = Debug|Any CPU
		{C9BACEC3-6658-4D13-9BCF-126FCAB08108}.Debug|Any CPU.Build.0 = Debug|Any CPU
		{C9BACEC3-6658-4D13-9BCF-126FCAB08108}.Debug|x64.ActiveCfg = Debug|Any CPU
		{C9BACEC3-6658-4D13-9BCF-126FCAB08108}.Debug|x64.Build.0 = Debug|Any CPU
		{C9BACEC3-6658-4D13-9BCF-126FCAB08108}.Debug|x86.ActiveCfg = Debug|Any CPU
		{C9BACEC3-6658-4D13-9BCF-126FCAB08108}.Debug|x86.Build.0 = Debug|Any CPU
		{C9BACEC3-6658-4D13-9BCF-126FCAB08108}.Release|Any CPU.ActiveCfg = Release|Any CPU
		{C9BACEC3-6658-4D13-9BCF-126FCAB08108}.Release|Any CPU.Build.0 = Release|Any CPU
		{C9BACEC3-6658-4D13-9BCF-126FCAB08108}.Release|x64.ActiveCfg = Release|Any CPU
		{C9BACEC3-6658-4D13-9BCF-126FCAB08108}.Release|x64.Build.0 = Release|Any CPU
		{C9BACEC3-6658-4D13-9BCF-126FCAB08108}.Release|x86.ActiveCfg = Release|Any CPU
		{C9BACEC3-6658-4D13-9BCF-126FCAB08108}.Release|x86.Build.0 = Release|Any CPU
		{DA09A35F-99EB-4B7F-9A05-CF812050353B}.Debug|Any CPU.ActiveCfg = Debug|Any CPU
		{DA09A35F-99EB-4B7F-9A05-CF812050353B}.Debug|Any CPU.Build.0 = Debug|Any CPU
		{DA09A35F-99EB-4B7F-9A05-CF812050353B}.Debug|x64.ActiveCfg = Debug|Any CPU
		{DA09A35F-99EB-4B7F-9A05-CF812050353B}.Debug|x64.Build.0 = Debug|Any CPU
		{DA09A35F-99EB-4B7F-9A05-CF812050353B}.Debug|x86.ActiveCfg = Debug|Any CPU
		{DA09A35F-99EB-4B7F-9A05-CF812050353B}.Debug|x86.Build.0 = Debug|Any CPU
		{DA09A35F-99EB-4B7F-9A05-CF812050353B}.Release|Any CPU.ActiveCfg = Release|Any CPU
		{DA09A35F-99EB-4B7F-9A05-CF812050353B}.Release|Any CPU.Build.0 = Release|Any CPU
		{DA09A35F-99EB-4B7F-9A05-CF812050353B}.Release|x64.ActiveCfg = Release|Any CPU
		{DA09A35F-99EB-4B7F-9A05-CF812050353B}.Release|x64.Build.0 = Release|Any CPU
		{DA09A35F-99EB-4B7F-9A05-CF812050353B}.Release|x86.ActiveCfg = Release|Any CPU
		{DA09A35F-99EB-4B7F-9A05-CF812050353B}.Release|x86.Build.0 = Release|Any CPU
		{540D6D1B-32BB-413B-9055-4FCBB7A2DCA3}.Debug|Any CPU.ActiveCfg = Debug|Any CPU
		{540D6D1B-32BB-413B-9055-4FCBB7A2DCA3}.Debug|Any CPU.Build.0 = Debug|Any CPU
		{540D6D1B-32BB-413B-9055-4FCBB7A2DCA3}.Debug|x64.ActiveCfg = Debug|Any CPU
		{540D6D1B-32BB-413B-9055-4FCBB7A2DCA3}.Debug|x64.Build.0 = Debug|Any CPU
		{540D6D1B-32BB-413B-9055-4FCBB7A2DCA3}.Debug|x86.ActiveCfg = Debug|Any CPU
		{540D6D1B-32BB-413B-9055-4FCBB7A2DCA3}.Debug|x86.Build.0 = Debug|Any CPU
		{540D6D1B-32BB-413B-9055-4FCBB7A2DCA3}.Release|Any CPU.ActiveCfg = Release|Any CPU
		{540D6D1B-32BB-413B-9055-4FCBB7A2DCA3}.Release|Any CPU.Build.0 = Release|Any CPU
		{540D6D1B-32BB-413B-9055-4FCBB7A2DCA3}.Release|x64.ActiveCfg = Release|Any CPU
		{540D6D1B-32BB-413B-9055-4FCBB7A2DCA3}.Release|x64.Build.0 = Release|Any CPU
		{540D6D1B-32BB-413B-9055-4FCBB7A2DCA3}.Release|x86.ActiveCfg = Release|Any CPU
		{540D6D1B-32BB-413B-9055-4FCBB7A2DCA3}.Release|x86.Build.0 = Release|Any CPU
		{ECEAE94E-5390-44E2-91AB-189113877EB7}.Debug|Any CPU.ActiveCfg = Debug|Any CPU
		{ECEAE94E-5390-44E2-91AB-189113877EB7}.Debug|Any CPU.Build.0 = Debug|Any CPU
		{ECEAE94E-5390-44E2-91AB-189113877EB7}.Debug|x64.ActiveCfg = Debug|Any CPU
		{ECEAE94E-5390-44E2-91AB-189113877EB7}.Debug|x64.Build.0 = Debug|Any CPU
		{ECEAE94E-5390-44E2-91AB-189113877EB7}.Debug|x86.ActiveCfg = Debug|Any CPU
		{ECEAE94E-5390-44E2-91AB-189113877EB7}.Debug|x86.Build.0 = Debug|Any CPU
		{ECEAE94E-5390-44E2-91AB-189113877EB7}.Release|Any CPU.ActiveCfg = Release|Any CPU
		{ECEAE94E-5390-44E2-91AB-189113877EB7}.Release|Any CPU.Build.0 = Release|Any CPU
		{ECEAE94E-5390-44E2-91AB-189113877EB7}.Release|x64.ActiveCfg = Release|Any CPU
		{ECEAE94E-5390-44E2-91AB-189113877EB7}.Release|x64.Build.0 = Release|Any CPU
		{ECEAE94E-5390-44E2-91AB-189113877EB7}.Release|x86.ActiveCfg = Release|Any CPU
		{ECEAE94E-5390-44E2-91AB-189113877EB7}.Release|x86.Build.0 = Release|Any CPU
		{F6DE630A-6C79-4D5B-883B-35FD2A3DDBC9}.Debug|Any CPU.ActiveCfg = Debug|Any CPU
		{F6DE630A-6C79-4D5B-883B-35FD2A3DDBC9}.Debug|Any CPU.Build.0 = Debug|Any CPU
		{F6DE630A-6C79-4D5B-883B-35FD2A3DDBC9}.Debug|x64.ActiveCfg = Debug|Any CPU
		{F6DE630A-6C79-4D5B-883B-35FD2A3DDBC9}.Debug|x64.Build.0 = Debug|Any CPU
		{F6DE630A-6C79-4D5B-883B-35FD2A3DDBC9}.Debug|x86.ActiveCfg = Debug|Any CPU
		{F6DE630A-6C79-4D5B-883B-35FD2A3DDBC9}.Debug|x86.Build.0 = Debug|Any CPU
		{F6DE630A-6C79-4D5B-883B-35FD2A3DDBC9}.Release|Any CPU.ActiveCfg = Release|Any CPU
		{F6DE630A-6C79-4D5B-883B-35FD2A3DDBC9}.Release|Any CPU.Build.0 = Release|Any CPU
		{F6DE630A-6C79-4D5B-883B-35FD2A3DDBC9}.Release|x64.ActiveCfg = Release|Any CPU
		{F6DE630A-6C79-4D5B-883B-35FD2A3DDBC9}.Release|x64.Build.0 = Release|Any CPU
		{F6DE630A-6C79-4D5B-883B-35FD2A3DDBC9}.Release|x86.ActiveCfg = Release|Any CPU
		{F6DE630A-6C79-4D5B-883B-35FD2A3DDBC9}.Release|x86.Build.0 = Release|Any CPU
		{473CD0B6-DAB4-44FB-88DE-1A3CB66CD772}.Debug|Any CPU.ActiveCfg = Debug|Any CPU
		{473CD0B6-DAB4-44FB-88DE-1A3CB66CD772}.Debug|Any CPU.Build.0 = Debug|Any CPU
		{473CD0B6-DAB4-44FB-88DE-1A3CB66CD772}.Debug|x64.ActiveCfg = Debug|Any CPU
		{473CD0B6-DAB4-44FB-88DE-1A3CB66CD772}.Debug|x64.Build.0 = Debug|Any CPU
		{473CD0B6-DAB4-44FB-88DE-1A3CB66CD772}.Debug|x86.ActiveCfg = Debug|Any CPU
		{473CD0B6-DAB4-44FB-88DE-1A3CB66CD772}.Debug|x86.Build.0 = Debug|Any CPU
		{473CD0B6-DAB4-44FB-88DE-1A3CB66CD772}.Release|Any CPU.ActiveCfg = Release|Any CPU
		{473CD0B6-DAB4-44FB-88DE-1A3CB66CD772}.Release|Any CPU.Build.0 = Release|Any CPU
		{473CD0B6-DAB4-44FB-88DE-1A3CB66CD772}.Release|x64.ActiveCfg = Release|Any CPU
		{473CD0B6-DAB4-44FB-88DE-1A3CB66CD772}.Release|x64.Build.0 = Release|Any CPU
		{473CD0B6-DAB4-44FB-88DE-1A3CB66CD772}.Release|x86.ActiveCfg = Release|Any CPU
		{473CD0B6-DAB4-44FB-88DE-1A3CB66CD772}.Release|x86.Build.0 = Release|Any CPU
		{81A7E3F5-088B-46E5-A474-258DF9FA8D99}.Debug|Any CPU.ActiveCfg = Debug|Any CPU
		{81A7E3F5-088B-46E5-A474-258DF9FA8D99}.Debug|Any CPU.Build.0 = Debug|Any CPU
		{81A7E3F5-088B-46E5-A474-258DF9FA8D99}.Debug|x64.ActiveCfg = Debug|Any CPU
		{81A7E3F5-088B-46E5-A474-258DF9FA8D99}.Debug|x64.Build.0 = Debug|Any CPU
		{81A7E3F5-088B-46E5-A474-258DF9FA8D99}.Debug|x86.ActiveCfg = Debug|Any CPU
		{81A7E3F5-088B-46E5-A474-258DF9FA8D99}.Debug|x86.Build.0 = Debug|Any CPU
		{81A7E3F5-088B-46E5-A474-258DF9FA8D99}.Release|Any CPU.ActiveCfg = Release|Any CPU
		{81A7E3F5-088B-46E5-A474-258DF9FA8D99}.Release|Any CPU.Build.0 = Release|Any CPU
		{81A7E3F5-088B-46E5-A474-258DF9FA8D99}.Release|x64.ActiveCfg = Release|Any CPU
		{81A7E3F5-088B-46E5-A474-258DF9FA8D99}.Release|x64.Build.0 = Release|Any CPU
		{81A7E3F5-088B-46E5-A474-258DF9FA8D99}.Release|x86.ActiveCfg = Release|Any CPU
		{81A7E3F5-088B-46E5-A474-258DF9FA8D99}.Release|x86.Build.0 = Release|Any CPU
		{076E1265-7153-42A0-AF47-1A55E638B6D3}.Debug|Any CPU.ActiveCfg = Debug|Any CPU
		{076E1265-7153-42A0-AF47-1A55E638B6D3}.Debug|Any CPU.Build.0 = Debug|Any CPU
		{076E1265-7153-42A0-AF47-1A55E638B6D3}.Debug|x64.ActiveCfg = Debug|Any CPU
		{076E1265-7153-42A0-AF47-1A55E638B6D3}.Debug|x64.Build.0 = Debug|Any CPU
		{076E1265-7153-42A0-AF47-1A55E638B6D3}.Debug|x86.ActiveCfg = Debug|Any CPU
		{076E1265-7153-42A0-AF47-1A55E638B6D3}.Debug|x86.Build.0 = Debug|Any CPU
		{076E1265-7153-42A0-AF47-1A55E638B6D3}.Release|Any CPU.ActiveCfg = Release|Any CPU
		{076E1265-7153-42A0-AF47-1A55E638B6D3}.Release|Any CPU.Build.0 = Release|Any CPU
		{076E1265-7153-42A0-AF47-1A55E638B6D3}.Release|x64.ActiveCfg = Release|Any CPU
		{076E1265-7153-42A0-AF47-1A55E638B6D3}.Release|x64.Build.0 = Release|Any CPU
		{076E1265-7153-42A0-AF47-1A55E638B6D3}.Release|x86.ActiveCfg = Release|Any CPU
		{076E1265-7153-42A0-AF47-1A55E638B6D3}.Release|x86.Build.0 = Release|Any CPU
		{3DF01143-0333-483A-AF89-E9281CACA170}.Debug|Any CPU.ActiveCfg = Debug|Any CPU
		{3DF01143-0333-483A-AF89-E9281CACA170}.Debug|Any CPU.Build.0 = Debug|Any CPU
		{3DF01143-0333-483A-AF89-E9281CACA170}.Debug|x64.ActiveCfg = Debug|Any CPU
		{3DF01143-0333-483A-AF89-E9281CACA170}.Debug|x64.Build.0 = Debug|Any CPU
		{3DF01143-0333-483A-AF89-E9281CACA170}.Debug|x86.ActiveCfg = Debug|Any CPU
		{3DF01143-0333-483A-AF89-E9281CACA170}.Debug|x86.Build.0 = Debug|Any CPU
		{3DF01143-0333-483A-AF89-E9281CACA170}.Release|Any CPU.ActiveCfg = Release|Any CPU
		{3DF01143-0333-483A-AF89-E9281CACA170}.Release|Any CPU.Build.0 = Release|Any CPU
		{3DF01143-0333-483A-AF89-E9281CACA170}.Release|x64.ActiveCfg = Release|Any CPU
		{3DF01143-0333-483A-AF89-E9281CACA170}.Release|x64.Build.0 = Release|Any CPU
		{3DF01143-0333-483A-AF89-E9281CACA170}.Release|x86.ActiveCfg = Release|Any CPU
		{3DF01143-0333-483A-AF89-E9281CACA170}.Release|x86.Build.0 = Release|Any CPU
		{F655BA36-632E-4CF9-A462-A281901523A7}.Debug|Any CPU.ActiveCfg = Debug|Any CPU
		{F655BA36-632E-4CF9-A462-A281901523A7}.Debug|Any CPU.Build.0 = Debug|Any CPU
		{F655BA36-632E-4CF9-A462-A281901523A7}.Debug|x64.ActiveCfg = Debug|Any CPU
		{F655BA36-632E-4CF9-A462-A281901523A7}.Debug|x64.Build.0 = Debug|Any CPU
		{F655BA36-632E-4CF9-A462-A281901523A7}.Debug|x86.ActiveCfg = Debug|Any CPU
		{F655BA36-632E-4CF9-A462-A281901523A7}.Debug|x86.Build.0 = Debug|Any CPU
		{F655BA36-632E-4CF9-A462-A281901523A7}.Release|Any CPU.ActiveCfg = Release|Any CPU
		{F655BA36-632E-4CF9-A462-A281901523A7}.Release|Any CPU.Build.0 = Release|Any CPU
		{F655BA36-632E-4CF9-A462-A281901523A7}.Release|x64.ActiveCfg = Release|Any CPU
		{F655BA36-632E-4CF9-A462-A281901523A7}.Release|x64.Build.0 = Release|Any CPU
		{F655BA36-632E-4CF9-A462-A281901523A7}.Release|x86.ActiveCfg = Release|Any CPU
		{F655BA36-632E-4CF9-A462-A281901523A7}.Release|x86.Build.0 = Release|Any CPU
		{EC08E782-2982-4D6B-8DE8-F99C5885BD2E}.Debug|Any CPU.ActiveCfg = Debug|Any CPU
		{EC08E782-2982-4D6B-8DE8-F99C5885BD2E}.Debug|Any CPU.Build.0 = Debug|Any CPU
		{EC08E782-2982-4D6B-8DE8-F99C5885BD2E}.Debug|x64.ActiveCfg = Debug|Any CPU
		{EC08E782-2982-4D6B-8DE8-F99C5885BD2E}.Debug|x64.Build.0 = Debug|Any CPU
		{EC08E782-2982-4D6B-8DE8-F99C5885BD2E}.Debug|x86.ActiveCfg = Debug|Any CPU
		{EC08E782-2982-4D6B-8DE8-F99C5885BD2E}.Debug|x86.Build.0 = Debug|Any CPU
		{EC08E782-2982-4D6B-8DE8-F99C5885BD2E}.Release|Any CPU.ActiveCfg = Release|Any CPU
		{EC08E782-2982-4D6B-8DE8-F99C5885BD2E}.Release|Any CPU.Build.0 = Release|Any CPU
		{EC08E782-2982-4D6B-8DE8-F99C5885BD2E}.Release|x64.ActiveCfg = Release|Any CPU
		{EC08E782-2982-4D6B-8DE8-F99C5885BD2E}.Release|x64.Build.0 = Release|Any CPU
		{EC08E782-2982-4D6B-8DE8-F99C5885BD2E}.Release|x86.ActiveCfg = Release|Any CPU
		{EC08E782-2982-4D6B-8DE8-F99C5885BD2E}.Release|x86.Build.0 = Release|Any CPU
		{7EF11EED-8679-4E27-9CAE-B83F47D4E8F5}.Debug|Any CPU.ActiveCfg = Debug|Any CPU
		{7EF11EED-8679-4E27-9CAE-B83F47D4E8F5}.Debug|Any CPU.Build.0 = Debug|Any CPU
		{7EF11EED-8679-4E27-9CAE-B83F47D4E8F5}.Debug|x64.ActiveCfg = Debug|Any CPU
		{7EF11EED-8679-4E27-9CAE-B83F47D4E8F5}.Debug|x64.Build.0 = Debug|Any CPU
		{7EF11EED-8679-4E27-9CAE-B83F47D4E8F5}.Debug|x86.ActiveCfg = Debug|Any CPU
		{7EF11EED-8679-4E27-9CAE-B83F47D4E8F5}.Debug|x86.Build.0 = Debug|Any CPU
		{7EF11EED-8679-4E27-9CAE-B83F47D4E8F5}.Release|Any CPU.ActiveCfg = Release|Any CPU
		{7EF11EED-8679-4E27-9CAE-B83F47D4E8F5}.Release|Any CPU.Build.0 = Release|Any CPU
		{7EF11EED-8679-4E27-9CAE-B83F47D4E8F5}.Release|x64.ActiveCfg = Release|Any CPU
		{7EF11EED-8679-4E27-9CAE-B83F47D4E8F5}.Release|x64.Build.0 = Release|Any CPU
		{7EF11EED-8679-4E27-9CAE-B83F47D4E8F5}.Release|x86.ActiveCfg = Release|Any CPU
		{7EF11EED-8679-4E27-9CAE-B83F47D4E8F5}.Release|x86.Build.0 = Release|Any CPU
		{2D43BB98-350D-4260-8134-B292DE01E9E8}.Debug|Any CPU.ActiveCfg = Debug|Any CPU
		{2D43BB98-350D-4260-8134-B292DE01E9E8}.Debug|Any CPU.Build.0 = Debug|Any CPU
		{2D43BB98-350D-4260-8134-B292DE01E9E8}.Debug|x64.ActiveCfg = Debug|x64
		{2D43BB98-350D-4260-8134-B292DE01E9E8}.Debug|x64.Build.0 = Debug|x64
		{2D43BB98-350D-4260-8134-B292DE01E9E8}.Debug|x86.ActiveCfg = Debug|x86
		{2D43BB98-350D-4260-8134-B292DE01E9E8}.Debug|x86.Build.0 = Debug|x86
		{2D43BB98-350D-4260-8134-B292DE01E9E8}.Release|Any CPU.ActiveCfg = Release|Any CPU
		{2D43BB98-350D-4260-8134-B292DE01E9E8}.Release|Any CPU.Build.0 = Release|Any CPU
		{2D43BB98-350D-4260-8134-B292DE01E9E8}.Release|x64.ActiveCfg = Release|x64
		{2D43BB98-350D-4260-8134-B292DE01E9E8}.Release|x64.Build.0 = Release|x64
		{2D43BB98-350D-4260-8134-B292DE01E9E8}.Release|x86.ActiveCfg = Release|x86
		{2D43BB98-350D-4260-8134-B292DE01E9E8}.Release|x86.Build.0 = Release|x86
		{AD17B2F7-28C6-420E-8AF1-849AC4F2D1C9}.Debug|Any CPU.ActiveCfg = Debug|Any CPU
		{AD17B2F7-28C6-420E-8AF1-849AC4F2D1C9}.Debug|Any CPU.Build.0 = Debug|Any CPU
		{AD17B2F7-28C6-420E-8AF1-849AC4F2D1C9}.Debug|x64.ActiveCfg = Debug|Any CPU
		{AD17B2F7-28C6-420E-8AF1-849AC4F2D1C9}.Debug|x64.Build.0 = Debug|Any CPU
		{AD17B2F7-28C6-420E-8AF1-849AC4F2D1C9}.Debug|x86.ActiveCfg = Debug|Any CPU
		{AD17B2F7-28C6-420E-8AF1-849AC4F2D1C9}.Debug|x86.Build.0 = Debug|Any CPU
		{AD17B2F7-28C6-420E-8AF1-849AC4F2D1C9}.Release|Any CPU.ActiveCfg = Release|Any CPU
		{AD17B2F7-28C6-420E-8AF1-849AC4F2D1C9}.Release|Any CPU.Build.0 = Release|Any CPU
		{AD17B2F7-28C6-420E-8AF1-849AC4F2D1C9}.Release|x64.ActiveCfg = Release|Any CPU
		{AD17B2F7-28C6-420E-8AF1-849AC4F2D1C9}.Release|x64.Build.0 = Release|Any CPU
		{AD17B2F7-28C6-420E-8AF1-849AC4F2D1C9}.Release|x86.ActiveCfg = Release|Any CPU
		{AD17B2F7-28C6-420E-8AF1-849AC4F2D1C9}.Release|x86.Build.0 = Release|Any CPU
		{A039AC61-DED6-4668-8CDF-96111A00D1F7}.Debug|Any CPU.ActiveCfg = Debug|Any CPU
		{A039AC61-DED6-4668-8CDF-96111A00D1F7}.Debug|Any CPU.Build.0 = Debug|Any CPU
		{A039AC61-DED6-4668-8CDF-96111A00D1F7}.Debug|x64.ActiveCfg = Debug|Any CPU
		{A039AC61-DED6-4668-8CDF-96111A00D1F7}.Debug|x64.Build.0 = Debug|Any CPU
		{A039AC61-DED6-4668-8CDF-96111A00D1F7}.Debug|x86.ActiveCfg = Debug|Any CPU
		{A039AC61-DED6-4668-8CDF-96111A00D1F7}.Debug|x86.Build.0 = Debug|Any CPU
		{A039AC61-DED6-4668-8CDF-96111A00D1F7}.Release|Any CPU.ActiveCfg = Release|Any CPU
		{A039AC61-DED6-4668-8CDF-96111A00D1F7}.Release|Any CPU.Build.0 = Release|Any CPU
		{A039AC61-DED6-4668-8CDF-96111A00D1F7}.Release|x64.ActiveCfg = Release|Any CPU
		{A039AC61-DED6-4668-8CDF-96111A00D1F7}.Release|x64.Build.0 = Release|Any CPU
		{A039AC61-DED6-4668-8CDF-96111A00D1F7}.Release|x86.ActiveCfg = Release|Any CPU
		{A039AC61-DED6-4668-8CDF-96111A00D1F7}.Release|x86.Build.0 = Release|Any CPU
		{97521856-5948-452F-90FF-D9A6B2D243C6}.Debug|Any CPU.ActiveCfg = Debug|Any CPU
		{97521856-5948-452F-90FF-D9A6B2D243C6}.Debug|Any CPU.Build.0 = Debug|Any CPU
		{97521856-5948-452F-90FF-D9A6B2D243C6}.Debug|x64.ActiveCfg = Debug|Any CPU
		{97521856-5948-452F-90FF-D9A6B2D243C6}.Debug|x64.Build.0 = Debug|Any CPU
		{97521856-5948-452F-90FF-D9A6B2D243C6}.Debug|x86.ActiveCfg = Debug|Any CPU
		{97521856-5948-452F-90FF-D9A6B2D243C6}.Debug|x86.Build.0 = Debug|Any CPU
		{97521856-5948-452F-90FF-D9A6B2D243C6}.Release|Any CPU.ActiveCfg = Release|Any CPU
		{97521856-5948-452F-90FF-D9A6B2D243C6}.Release|Any CPU.Build.0 = Release|Any CPU
		{97521856-5948-452F-90FF-D9A6B2D243C6}.Release|x64.ActiveCfg = Release|Any CPU
		{97521856-5948-452F-90FF-D9A6B2D243C6}.Release|x64.Build.0 = Release|Any CPU
		{97521856-5948-452F-90FF-D9A6B2D243C6}.Release|x86.ActiveCfg = Release|Any CPU
		{97521856-5948-452F-90FF-D9A6B2D243C6}.Release|x86.Build.0 = Release|Any CPU
		{6B54FE55-7D10-4AAC-AADA-01B1CFD6AD66}.Debug|Any CPU.ActiveCfg = Debug|Any CPU
		{6B54FE55-7D10-4AAC-AADA-01B1CFD6AD66}.Debug|Any CPU.Build.0 = Debug|Any CPU
		{6B54FE55-7D10-4AAC-AADA-01B1CFD6AD66}.Debug|x64.ActiveCfg = Debug|Any CPU
		{6B54FE55-7D10-4AAC-AADA-01B1CFD6AD66}.Debug|x64.Build.0 = Debug|Any CPU
		{6B54FE55-7D10-4AAC-AADA-01B1CFD6AD66}.Debug|x86.ActiveCfg = Debug|Any CPU
		{6B54FE55-7D10-4AAC-AADA-01B1CFD6AD66}.Debug|x86.Build.0 = Debug|Any CPU
		{6B54FE55-7D10-4AAC-AADA-01B1CFD6AD66}.Release|Any CPU.ActiveCfg = Release|Any CPU
		{6B54FE55-7D10-4AAC-AADA-01B1CFD6AD66}.Release|Any CPU.Build.0 = Release|Any CPU
		{6B54FE55-7D10-4AAC-AADA-01B1CFD6AD66}.Release|x64.ActiveCfg = Release|Any CPU
		{6B54FE55-7D10-4AAC-AADA-01B1CFD6AD66}.Release|x64.Build.0 = Release|Any CPU
		{6B54FE55-7D10-4AAC-AADA-01B1CFD6AD66}.Release|x86.ActiveCfg = Release|Any CPU
		{6B54FE55-7D10-4AAC-AADA-01B1CFD6AD66}.Release|x86.Build.0 = Release|Any CPU
	EndGlobalSection
	GlobalSection(SolutionProperties) = preSolution
		HideSolutionNode = FALSE
	EndGlobalSection
EndGlobal
